
Microsoft Visual Studio Solution File, Format Version 12.00
# Visual Studio Version 17
VisualStudioVersion = 17.5.002.0
MinimumVisualStudioVersion = 10.0.40219.1
Project("{9A19103F-16F7-4668-BE54-9A1E7A4F7556}") = "CargoHubV2", "CargoHubV2\CargohubV2.csproj", "{727FB27C-F33D-4C90-8EA3-3C6006EA8BBA}"
EndProject
Project("{FAE04EC0-301F-11D3-BF4B-00C04F79EFBC}") = "CargoHubTest", "CargoHubTest\CargoHubTest.csproj", "{A3939AE6-1D96-4537-8888-F1A536560A2D}"
EndProject
Global
	GlobalSection(SolutionConfigurationPlatforms) = preSolution
		Debug|Any CPU = Debug|Any CPU
		Release|Any CPU = Release|Any CPU
	EndGlobalSection
	GlobalSection(ProjectConfigurationPlatforms) = postSolution
		{727FB27C-F33D-4C90-8EA3-3C6006EA8BBA}.Debug|Any CPU.ActiveCfg = Debug|Any CPU
		{727FB27C-F33D-4C90-8EA3-3C6006EA8BBA}.Debug|Any CPU.Build.0 = Debug|Any CPU
		{727FB27C-F33D-4C90-8EA3-3C6006EA8BBA}.Release|Any CPU.ActiveCfg = Release|Any CPU
		{727FB27C-F33D-4C90-8EA3-3C6006EA8BBA}.Release|Any CPU.Build.0 = Release|Any CPU
		{A3939AE6-1D96-4537-8888-F1A536560A2D}.Debug|Any CPU.ActiveCfg = Debug|Any CPU
		{A3939AE6-1D96-4537-8888-F1A536560A2D}.Debug|Any CPU.Build.0 = Debug|Any CPU
		{A3939AE6-1D96-4537-8888-F1A536560A2D}.Release|Any CPU.ActiveCfg = Release|Any CPU
		{A3939AE6-1D96-4537-8888-F1A536560A2D}.Release|Any CPU.Build.0 = Release|Any CPU
	EndGlobalSection
	GlobalSection(SolutionProperties) = preSolution
		HideSolutionNode = FALSE
	EndGlobalSection
	GlobalSection(ExtensibilityGlobals) = postSolution
		SolutionGuid = {D44E68A9-441E-4550-B774-ADE50A2F2ABD}
	EndGlobalSection
EndGlobal
